
Microsoft Visual Studio Solution File, Format Version 12.00
# Visual Studio Version 16
VisualStudioVersion = 16.0.34301.259
MinimumVisualStudioVersion = 10.0.40219.1
Project("{FAE04EC0-301F-11D3-BF4B-00C04F79EFBC}") = "JogoPalavraSegredoSemOO", "JogoPalavraSegredoSemOO.csproj", "{21AA80D9-B4EE-4BC7-A7C0-1769CACAA99F}"
EndProject
Global
	GlobalSection(SolutionConfigurationPlatforms) = preSolution
		Debug|Any CPU = Debug|Any CPU
		Release|Any CPU = Release|Any CPU
	EndGlobalSection
	GlobalSection(ProjectConfigurationPlatforms) = postSolution
		{21AA80D9-B4EE-4BC7-A7C0-1769CACAA99F}.Debug|Any CPU.ActiveCfg = Debug|Any CPU
		{21AA80D9-B4EE-4BC7-A7C0-1769CACAA99F}.Debug|Any CPU.Build.0 = Debug|Any CPU
		{21AA80D9-B4EE-4BC7-A7C0-1769CACAA99F}.Release|Any CPU.ActiveCfg = Release|Any CPU
		{21AA80D9-B4EE-4BC7-A7C0-1769CACAA99F}.Release|Any CPU.Build.0 = Release|Any CPU
	EndGlobalSection
	GlobalSection(SolutionProperties) = preSolution
		HideSolutionNode = FALSE
	EndGlobalSection
	GlobalSection(ExtensibilityGlobals) = postSolution
		SolutionGuid = {649ED149-A79B-4707-8960-A85402485ECC}
	EndGlobalSection
EndGlobal
